
Microsoft Visual Studio Solution File, Format Version 12.00
# Visual Studio Version 17
VisualStudioVersion = 17.2.32519.379
MinimumVisualStudioVersion = 10.0.40219.1
Project("{FAE04EC0-301F-11D3-BF4B-00C04F79EFBC}") = "AudioConvert", "AudioConvert\AudioConvert.csproj", "{43031AE8-3BB0-4B7E-A7F6-82BC4B7886DC}"
EndProject
Global
	GlobalSection(SolutionConfigurationPlatforms) = preSolution
		Debug|Any CPU = Debug|Any CPU
		Release|Any CPU = Release|Any CPU
	EndGlobalSection
	GlobalSection(ProjectConfigurationPlatforms) = postSolution
		{43031AE8-3BB0-4B7E-A7F6-82BC4B7886DC}.Debug|Any CPU.ActiveCfg = Debug|Any CPU
		{43031AE8-3BB0-4B7E-A7F6-82BC4B7886DC}.Debug|Any CPU.Build.0 = Debug|Any CPU
		{43031AE8-3BB0-4B7E-A7F6-82BC4B7886DC}.Release|Any CPU.ActiveCfg = Release|Any CPU
		{43031AE8-3BB0-4B7E-A7F6-82BC4B7886DC}.Release|Any CPU.Build.0 = Release|Any CPU
	EndGlobalSection
	GlobalSection(SolutionProperties) = preSolution
		HideSolutionNode = FALSE
	EndGlobalSection
	GlobalSection(ExtensibilityGlobals) = postSolution
		SolutionGuid = {C871CEB8-103D-47C7-AA49-E99ED161450F}
	EndGlobalSection
EndGlobal
